PODS:
  - Alamofire (5.5.0)
  - Kingfisher (7.2.0)
  - SwiftLint (0.47.1)

DEPENDENCIES:
  - Alamofire (~> 5.2)
  - Kingfisher
  - SwiftLint

SPEC REPOS:
  trunk:
    - Alamofire
    - Kingfisher
    - SwiftLint

SPEC CHECKSUMS:
  Alamofire: 1c4fb5369c3fe93d2857c780d8bbe09f06f97e7c
  Kingfisher: 3ac0b75b155cabc0e544877d1a4deea29feece92
  SwiftLint: f80f1be7fa96d30e0aa68e58d45d4ea1ccaac519

PODFILE CHECKSUM: 0ac5e07af4a92b976e591710e7b9a10316396fca

COCOAPODS: 1.11.2
