// !$*UTF8*$!
{
	archiveVersion = 1;
	classes = {
	};
	objectVersion = 55;
	objects = {

/* Begin PBXBuildFile section */
		DB06AA882831A9A30036C712 /* AppDelegate.swift in Sources */ = {isa = PBXBuildFile; fileRef = DB06AA872831A9A30036C712 /* AppDelegate.swift */; };
		DB06AA8A2831A9A30036C712 /* SceneDelegate.swift in Sources */ = {isa = PBXBuildFile; fileRef = DB06AA892831A9A30036C712 /* SceneDelegate.swift */; };
		DB06AA912831A9A50036C712 /* Assets.xcassets in Resources */ = {isa = PBXBuildFile; fileRef = DB06AA902831A9A50036C712 /* Assets.xcassets */; };
		DB06AA942831A9A50036C712 /* LaunchScreen.storyboard in Resources */ = {isa = PBXBuildFile; fileRef = DB06AA922831A9A50036C712 /* LaunchScreen.storyboard */; };
		DB06AAA82831AF0B0036C712 /* AuthorizationCarouselPresenter.swift in Sources */ = {isa = PBXBuildFile; fileRef = DB06AAA12831AF0B0036C712 /* AuthorizationCarouselPresenter.swift */; };
		DB06AAA92831AF0B0036C712 /* AuthorizationCarouselWorker.swift in Sources */ = {isa = PBXBuildFile; fileRef = DB06AAA22831AF0B0036C712 /* AuthorizationCarouselWorker.swift */; };
		DB06AAAA2831AF0B0036C712 /* AuthorizationCarouselRouter.swift in Sources */ = {isa = PBXBuildFile; fileRef = DB06AAA32831AF0B0036C712 /* AuthorizationCarouselRouter.swift */; };
		DB06AAAB2831AF0B0036C712 /* AuthorizationCarouselModels.swift in Sources */ = {isa = PBXBuildFile; fileRef = DB06AAA42831AF0B0036C712 /* AuthorizationCarouselModels.swift */; };
		DB06AAAC2831AF0B0036C712 /* AuthorizationCarouselViewController.swift in Sources */ = {isa = PBXBuildFile; fileRef = DB06AAA52831AF0B0036C712 /* AuthorizationCarouselViewController.swift */; };
		DB06AAAD2831AF0B0036C712 /* AuthorizationCarouselInteractor.swift in Sources */ = {isa = PBXBuildFile; fileRef = DB06AAA62831AF0B0036C712 /* AuthorizationCarouselInteractor.swift */; };
		DB06AAAE2831AF0B0036C712 /* AuthorizationCarouselViewController.xib in Resources */ = {isa = PBXBuildFile; fileRef = DB06AAA72831AF0B0036C712 /* AuthorizationCarouselViewController.xib */; };
/* End PBXBuildFile section */

/* Begin PBXFileReference section */
		DB06AA842831A9A30036C712 /* Reddit Chile Memes.app */ = {isa = PBXFileReference; explicitFileType = wrapper.application; includeInIndex = 0; path = "Reddit Chile Memes.app"; sourceTree = BUILT_PRODUCTS_DIR; };
		DB06AA872831A9A30036C712 /* AppDelegate.swift */ = {isa = PBXFileReference; lastKnownFileType = sourcecode.swift; path = AppDelegate.swift; sourceTree = "<group>"; };
		DB06AA892831A9A30036C712 /* SceneDelegate.swift */ = {isa = PBXFileReference; lastKnownFileType = sourcecode.swift; path = SceneDelegate.swift; sourceTree = "<group>"; };
		DB06AA902831A9A50036C712 /* Assets.xcassets */ = {isa = PBXFileReference; lastKnownFileType = folder.assetcatalog; path = Assets.xcassets; sourceTree = "<group>"; };
		DB06AA932831A9A50036C712 /* Base */ = {isa = PBXFileReference; lastKnownFileType = file.storyboard; name = Base; path = Base.lproj/LaunchScreen.storyboard; sourceTree = "<group>"; };
		DB06AA952831A9A50036C712 /* Info.plist */ = {isa = PBXFileReference; lastKnownFileType = text.plist.xml; path = Info.plist; sourceTree = "<group>"; };
		DB06AAA12831AF0B0036C712 /* AuthorizationCarouselPresenter.swift */ = {isa = PBXFileReference; lastKnownFileType = sourcecode.swift; path = AuthorizationCarouselPresenter.swift; sourceTree = "<group>"; };
		DB06AAA22831AF0B0036C712 /* AuthorizationCarouselWorker.swift */ = {isa = PBXFileReference; lastKnownFileType = sourcecode.swift; path = AuthorizationCarouselWorker.swift; sourceTree = "<group>"; };
		DB06AAA32831AF0B0036C712 /* AuthorizationCarouselRouter.swift */ = {isa = PBXFileReference; lastKnownFileType = sourcecode.swift; path = AuthorizationCarouselRouter.swift; sourceTree = "<group>"; };
		DB06AAA42831AF0B0036C712 /* AuthorizationCarouselModels.swift */ = {isa = PBXFileReference; lastKnownFileType = sourcecode.swift; path = AuthorizationCarouselModels.swift; sourceTree = "<group>"; };
		DB06AAA52831AF0B0036C712 /* AuthorizationCarouselViewController.swift */ = {isa = PBXFileReference; lastKnownFileType = sourcecode.swift; path = AuthorizationCarouselViewController.swift; sourceTree = "<group>"; };
		DB06AAA62831AF0B0036C712 /* AuthorizationCarouselInteractor.swift */ = {isa = PBXFileReference; lastKnownFileType = sourcecode.swift; path = AuthorizationCarouselInteractor.swift; sourceTree = "<group>"; };
		DB06AAA72831AF0B0036C712 /* AuthorizationCarouselViewController.xib */ = {isa = PBXFileReference; lastKnownFileType = file.xib; path = AuthorizationCarouselViewController.xib; sourceTree = "<group>"; };
/* End PBXFileReference section */

/* Begin PBXFrameworksBuildPhase section */
		DB06AA812831A9A30036C712 /* Frameworks */ = {
			isa = PBXFrameworksBuildPhase;
			buildActionMask = 2147483647;
			files = (
			);
			runOnlyForDeploymentPostprocessing = 0;
		};
/* End PBXFrameworksBuildPhase section */

/* Begin PBXGroup section */
		DB06AA7B2831A9A30036C712 = {
			isa = PBXGroup;
			children = (
				DB06AA862831A9A30036C712 /* Reddit Chile Memes */,
				DB06AA852831A9A30036C712 /* Products */,
			);
			sourceTree = "<group>";
		};
		DB06AA852831A9A30036C712 /* Products */ = {
			isa = PBXGroup;
			children = (
				DB06AA842831A9A30036C712 /* Reddit Chile Memes.app */,
			);
			name = Products;
			sourceTree = "<group>";
		};
		DB06AA862831A9A30036C712 /* Reddit Chile Memes */ = {
			isa = PBXGroup;
			children = (
				DB06AAA02831AE7A0036C712 /* Foundation */,
				DB06AA9F2831AE700036C712 /* Main */,
				DB06AA9E2831AE630036C712 /* Common */,
				DB06AA9D2831AE520036C712 /* Scenes */,
				DB06AA9C2831AE480036C712 /* Config */,
				DB06AA9B2831AE380036C712 /* Resources */,
			);
			path = "Reddit Chile Memes";
			sourceTree = "<group>";
		};
		DB06AA9B2831AE380036C712 /* Resources */ = {
			isa = PBXGroup;
			children = (
				DB06AA902831A9A50036C712 /* Assets.xcassets */,
				DB06AA922831A9A50036C712 /* LaunchScreen.storyboard */,
			);
			path = Resources;
			sourceTree = "<group>";
		};
		DB06AA9C2831AE480036C712 /* Config */ = {
			isa = PBXGroup;
			children = (
				DB06AA952831A9A50036C712 /* Info.plist */,
			);
			path = Config;
			sourceTree = "<group>";
		};
		DB06AA9D2831AE520036C712 /* Scenes */ = {
			isa = PBXGroup;
			children = (
				DB06AAAF2831B08B0036C712 /* AuthorizationCarousel */,
			);
			path = Scenes;
			sourceTree = "<group>";
		};
		DB06AA9E2831AE630036C712 /* Common */ = {
			isa = PBXGroup;
			children = (
			);
			path = Common;
			sourceTree = "<group>";
		};
		DB06AA9F2831AE700036C712 /* Main */ = {
			isa = PBXGroup;
			children = (
				DB06AA872831A9A30036C712 /* AppDelegate.swift */,
				DB06AA892831A9A30036C712 /* SceneDelegate.swift */,
			);
			path = Main;
			sourceTree = "<group>";
		};
		DB06AAA02831AE7A0036C712 /* Foundation */ = {
			isa = PBXGroup;
			children = (
			);
			path = Foundation;
			sourceTree = "<group>";
		};
		DB06AAAF2831B08B0036C712 /* AuthorizationCarousel */ = {
			isa = PBXGroup;
			children = (
				DB06AAA32831AF0B0036C712 /* AuthorizationCarouselRouter.swift */,
				DB06AAA22831AF0B0036C712 /* AuthorizationCarouselWorker.swift */,
				DB06AAA42831AF0B0036C712 /* AuthorizationCarouselModels.swift */,
				DB06AAA12831AF0B0036C712 /* AuthorizationCarouselPresenter.swift */,
				DB06AAA62831AF0B0036C712 /* AuthorizationCarouselInteractor.swift */,
				DB06AAA52831AF0B0036C712 /* AuthorizationCarouselViewController.swift */,
				DB06AAA72831AF0B0036C712 /* AuthorizationCarouselViewController.xib */,
			);
			path = AuthorizationCarousel;
			sourceTree = "<group>";
		};
/* End PBXGroup section */

/* Begin PBXNativeTarget section */
		DB06AA832831A9A30036C712 /* Reddit Chile Memes */ = {
			isa = PBXNativeTarget;
			buildConfigurationList = DB06AA982831A9A50036C712 /* Build configuration list for PBXNativeTarget "Reddit Chile Memes" */;
			buildPhases = (
				DB06AA802831A9A30036C712 /* Sources */,
				DB06AA812831A9A30036C712 /* Frameworks */,
				DB06AA822831A9A30036C712 /* Resources */,
			);
			buildRules = (
			);
			dependencies = (
			);
			name = "Reddit Chile Memes";
			productName = "Reddit Chile Memes";
			productReference = DB06AA842831A9A30036C712 /* Reddit Chile Memes.app */;
			productType = "com.apple.product-type.application";
		};
/* End PBXNativeTarget section */

/* Begin PBXProject section */
		DB06AA7C2831A9A30036C712 /* Project object */ = {
			isa = PBXProject;
			attributes = {
				BuildIndependentTargetsInParallel = 1;
				LastSwiftUpdateCheck = 1320;
				LastUpgradeCheck = 1320;
				TargetAttributes = {
					DB06AA832831A9A30036C712 = {
						CreatedOnToolsVersion = 13.2.1;
					};
				};
			};
			buildConfigurationList = DB06AA7F2831A9A30036C712 /* Build configuration list for PBXProject "Reddit Chile Memes" */;
			compatibilityVersion = "Xcode 13.0";
			developmentRegion = en;
			hasScannedForEncodings = 0;
			knownRegions = (
				en,
				Base,
			);
			mainGroup = DB06AA7B2831A9A30036C712;
			productRefGroup = DB06AA852831A9A30036C712 /* Products */;
			projectDirPath = "";
			projectRoot = "";
			targets = (
				DB06AA832831A9A30036C712 /* Reddit Chile Memes */,
			);
		};
/* End PBXProject section */

/* Begin PBXResourcesBuildPhase section */
		DB06AA822831A9A30036C712 /* Resources */ = {
			isa = PBXResourcesBuildPhase;
			buildActionMask = 2147483647;
			files = (
				DB06AAAE2831AF0B0036C712 /* AuthorizationCarouselViewController.xib in Resources */,
				DB06AA942831A9A50036C712 /* LaunchScreen.storyboard in Resources */,
				DB06AA912831A9A50036C712 /* Assets.xcassets in Resources */,
			);
			runOnlyForDeploymentPostprocessing = 0;
		};
/* End PBXResourcesBuildPhase section */

/* Begin PBXSourcesBuildPhase section */
		DB06AA802831A9A30036C712 /* Sources */ = {
			isa = PBXSourcesBuildPhase;
			buildActionMask = 2147483647;
			files = (
				DB06AA882831A9A30036C712 /* AppDelegate.swift in Sources */,
				DB06AAAA2831AF0B0036C712 /* AuthorizationCarouselRouter.swift in Sources */,
				DB06AAAD2831AF0B0036C712 /* AuthorizationCarouselInteractor.swift in Sources */,
				DB06AA8A2831A9A30036C712 /* SceneDelegate.swift in Sources */,
				DB06AAAB2831AF0B0036C712 /* AuthorizationCarouselModels.swift in Sources */,
				DB06AAA82831AF0B0036C712 /* AuthorizationCarouselPresenter.swift in Sources */,
				DB06AAAC2831AF0B0036C712 /* AuthorizationCarouselViewController.swift in Sources */,
				DB06AAA92831AF0B0036C712 /* AuthorizationCarouselWorker.swift in Sources */,
			);
			runOnlyForDeploymentPostprocessing = 0;
		};
/* End PBXSourcesBuildPhase section */

/* Begin PBXVariantGroup section */
		DB06AA922831A9A50036C712 /* LaunchScreen.storyboard */ = {
			isa = PBXVariantGroup;
			children = (
				DB06AA932831A9A50036C712 /* Base */,
			);
			name = LaunchScreen.storyboard;
			sourceTree = "<group>";
		};
/* End PBXVariantGroup section */

/* Begin XCBuildConfiguration section */
		DB06AA962831A9A50036C712 /* Debug */ = {
			isa = XCBuildConfiguration;
			buildSettings = {
				ALWAYS_SEARCH_USER_PATHS = NO;
				CLANG_ANALYZER_NONNULL = YES;
				CLANG_ANALYZER_NUMBER_OBJECT_CONVERSION = YES_AGGRESSIVE;
				CLANG_CXX_LANGUAGE_STANDARD = "gnu++17";
				CLANG_CXX_LIBRARY = "libc++";
				CLANG_ENABLE_MODULES = YES;
				CLANG_ENABLE_OBJC_ARC = YES;
				CLANG_ENABLE_OBJC_WEAK = YES;
				CLANG_WARN_BLOCK_CAPTURE_AUTORELEASING = YES;
				CLANG_WARN_BOOL_CONVERSION = YES;
				CLANG_WARN_COMMA = YES;
				CLANG_WARN_CONSTANT_CONVERSION = YES;
				CLANG_WARN_DEPRECATED_OBJC_IMPLEMENTATIONS = YES;
				CLANG_WARN_DIRECT_OBJC_ISA_USAGE = YES_ERROR;
				CLANG_WARN_DOCUMENTATION_COMMENTS = YES;
				CLANG_WARN_EMPTY_BODY = YES;
				CLANG_WARN_ENUM_CONVERSION = YES;
				CLANG_WARN_INFINITE_RECURSION = YES;
				CLANG_WARN_INT_CONVERSION = YES;
				CLANG_WARN_NON_LITERAL_NULL_CONVERSION = YES;
				CLANG_WARN_OBJC_IMPLICIT_RETAIN_SELF = YES;
				CLANG_WARN_OBJC_LITERAL_CONVERSION = YES;
				CLANG_WARN_OBJC_ROOT_CLASS = YES_ERROR;
				CLANG_WARN_QUOTED_INCLUDE_IN_FRAMEWORK_HEADER = YES;
				CLANG_WARN_RANGE_LOOP_ANALYSIS = YES;
				CLANG_WARN_STRICT_PROTOTYPES = YES;
				CLANG_WARN_SUSPICIOUS_MOVE = YES;
				CLANG_WARN_UNGUARDED_AVAILABILITY = YES_AGGRESSIVE;
				CLANG_WARN_UNREACHABLE_CODE = YES;
				CLANG_WARN__DUPLICATE_METHOD_MATCH = YES;
				COPY_PHASE_STRIP = NO;
				DEBUG_INFORMATION_FORMAT = dwarf;
				ENABLE_STRICT_OBJC_MSGSEND = YES;
				ENABLE_TESTABILITY = YES;
				GCC_C_LANGUAGE_STANDARD = gnu11;
				GCC_DYNAMIC_NO_PIC = NO;
				GCC_NO_COMMON_BLOCKS = YES;
				GCC_OPTIMIZATION_LEVEL = 0;
				GCC_PREPROCESSOR_DEFINITIONS = (
					"DEBUG=1",
					"$(inherited)",
				);
				GCC_WARN_64_TO_32_BIT_CONVERSION = YES;
				GCC_WARN_ABOUT_RETURN_TYPE = YES_ERROR;
				GCC_WARN_UNDECLARED_SELECTOR = YES;
				GCC_WARN_UNINITIALIZED_AUTOS = YES_AGGRESSIVE;
				GCC_WARN_UNUSED_FUNCTION = YES;
				GCC_WARN_UNUSED_VARIABLE = YES;
				IPHONEOS_DEPLOYMENT_TARGET = 15.2;
				MTL_ENABLE_DEBUG_INFO = INCLUDE_SOURCE;
				MTL_FAST_MATH = YES;
				ONLY_ACTIVE_ARCH = YES;
				SDKROOT = iphoneos;
				SWIFT_ACTIVE_COMPILATION_CONDITIONS = DEBUG;
				SWIFT_OPTIMIZATION_LEVEL = "-Onone";
			};
			name = Debug;
		};
		DB06AA972831A9A50036C712 /* Release */ = {
			isa = XCBuildConfiguration;
			buildSettings = {
				ALWAYS_SEARCH_USER_PATHS = NO;
				CLANG_ANALYZER_NONNULL = YES;
				CLANG_ANALYZER_NUMBER_OBJECT_CONVERSION = YES_AGGRESSIVE;
				CLANG_CXX_LANGUAGE_STANDARD = "gnu++17";
				CLANG_CXX_LIBRARY = "libc++";
				CLANG_ENABLE_MODULES = YES;
				CLANG_ENABLE_OBJC_ARC = YES;
				CLANG_ENABLE_OBJC_WEAK = YES;
				CLANG_WARN_BLOCK_CAPTURE_AUTORELEASING = YES;
				CLANG_WARN_BOOL_CONVERSION = YES;
				CLANG_WARN_COMMA = YES;
				CLANG_WARN_CONSTANT_CONVERSION = YES;
				CLANG_WARN_DEPRECATED_OBJC_IMPLEMENTATIONS = YES;
				CLANG_WARN_DIRECT_OBJC_ISA_USAGE = YES_ERROR;
				CLANG_WARN_DOCUMENTATION_COMMENTS = YES;
				CLANG_WARN_EMPTY_BODY = YES;
				CLANG_WARN_ENUM_CONVERSION = YES;
				CLANG_WARN_INFINITE_RECURSION = YES;
				CLANG_WARN_INT_CONVERSION = YES;
				CLANG_WARN_NON_LITERAL_NULL_CONVERSION = YES;
				CLANG_WARN_OBJC_IMPLICIT_RETAIN_SELF = YES;
				CLANG_WARN_OBJC_LITERAL_CONVERSION = YES;
				CLANG_WARN_OBJC_ROOT_CLASS = YES_ERROR;
				CLANG_WARN_QUOTED_INCLUDE_IN_FRAMEWORK_HEADER = YES;
				CLANG_WARN_RANGE_LOOP_ANALYSIS = YES;
				CLANG_WARN_STRICT_PROTOTYPES = YES;
				CLANG_WARN_SUSPICIOUS_MOVE = YES;
				CLANG_WARN_UNGUARDED_AVAILABILITY = YES_AGGRESSIVE;
				CLANG_WARN_UNREACHABLE_CODE = YES;
				CLANG_WARN__DUPLICATE_METHOD_MATCH = YES;
				COPY_PHASE_STRIP = NO;
				DEBUG_INFORMATION_FORMAT = "dwarf-with-dsym";
				ENABLE_NS_ASSERTIONS = NO;
				ENABLE_STRICT_OBJC_MSGSEND = YES;
				GCC_C_LANGUAGE_STANDARD = gnu11;
				GCC_NO_COMMON_BLOCKS = YES;
				GCC_WARN_64_TO_32_BIT_CONVERSION = YES;
				GCC_WARN_ABOUT_RETURN_TYPE = YES_ERROR;
				GCC_WARN_UNDECLARED_SELECTOR = YES;
				GCC_WARN_UNINITIALIZED_AUTOS = YES_AGGRESSIVE;
				GCC_WARN_UNUSED_FUNCTION = YES;
				GCC_WARN_UNUSED_VARIABLE = YES;
				IPHONEOS_DEPLOYMENT_TARGET = 15.2;
				MTL_ENABLE_DEBUG_INFO = NO;
				MTL_FAST_MATH = YES;
				SDKROOT = iphoneos;
				SWIFT_COMPILATION_MODE = wholemodule;
				SWIFT_OPTIMIZATION_LEVEL = "-O";
				VALIDATE_PRODUCT = YES;
			};
			name = Release;
		};
		DB06AA992831A9A50036C712 /* Debug */ = {
			isa = XCBuildConfiguration;
			buildSettings = {
				ASSETCATALOG_COMPILER_APPICON_NAME = AppIcon;
				ASSETCATALOG_COMPILER_GLOBAL_ACCENT_COLOR_NAME = AccentColor;
				CODE_SIGN_STYLE = Automatic;
				CURRENT_PROJECT_VERSION = 1;
				DEVELOPMENT_TEAM = XY5DSHVNFX;
				GENERATE_INFOPLIST_FILE = YES;
				INFOPLIST_FILE = "Reddit Chile Memes/Config/Info.plist";
				INFOPLIST_KEY_UIApplicationSupportsIndirectInputEvents = YES;
				INFOPLIST_KEY_UILaunchStoryboardName = LaunchScreen;
				INFOPLIST_KEY_UISupportedInterfaceOrientations = UIInterfaceOrientationPortrait;
				INFOPLIST_KEY_UISupportedInterfaceOrientations_iPad = "UIInterfaceOrientationPortrait UIInterfaceOrientationPortraitUpsideDown UIInterfaceOrientationLandscapeLeft UIInterfaceOrientationLandscapeRight";
				INFOPLIST_KEY_UISupportedInterfaceOrientations_iPhone = UIInterfaceOrientationPortrait;
				LD_RUNPATH_SEARCH_PATHS = (
					"$(inherited)",
					"@executable_path/Frameworks",
				);
				MARKETING_VERSION = 1.0;
				PRODUCT_BUNDLE_IDENTIFIER = "com.freddya.Reddit-Chile-Memes";
				PRODUCT_NAME = "$(TARGET_NAME)";
				SWIFT_EMIT_LOC_STRINGS = YES;
				SWIFT_VERSION = 5.0;
				TARGETED_DEVICE_FAMILY = "1,2";
			};
			name = Debug;
		};
		DB06AA9A2831A9A50036C712 /* Release */ = {
			isa = XCBuildConfiguration;
			buildSettings = {
				ASSETCATALOG_COMPILER_APPICON_NAME = AppIcon;
				ASSETCATALOG_COMPILER_GLOBAL_ACCENT_COLOR_NAME = AccentColor;
				CODE_SIGN_STYLE = Automatic;
				CURRENT_PROJECT_VERSION = 1;
				DEVELOPMENT_TEAM = XY5DSHVNFX;
				GENERATE_INFOPLIST_FILE = YES;
				INFOPLIST_FILE = "Reddit Chile Memes/Config/Info.plist";
				INFOPLIST_KEY_UIApplicationSupportsIndirectInputEvents = YES;
				INFOPLIST_KEY_UILaunchStoryboardName = LaunchScreen;
				INFOPLIST_KEY_UISupportedInterfaceOrientations = UIInterfaceOrientationPortrait;
				INFOPLIST_KEY_UISupportedInterfaceOrientations_iPad = "UIInterfaceOrientationPortrait UIInterfaceOrientationPortraitUpsideDown UIInterfaceOrientationLandscapeLeft UIInterfaceOrientationLandscapeRight";
				INFOPLIST_KEY_UISupportedInterfaceOrientations_iPhone = UIInterfaceOrientationPortrait;
				LD_RUNPATH_SEARCH_PATHS = (
					"$(inherited)",
					"@executable_path/Frameworks",
				);
				MARKETING_VERSION = 1.0;
				PRODUCT_BUNDLE_IDENTIFIER = "com.freddya.Reddit-Chile-Memes";
				PRODUCT_NAME = "$(TARGET_NAME)";
				SWIFT_EMIT_LOC_STRINGS = YES;
				SWIFT_VERSION = 5.0;
				TARGETED_DEVICE_FAMILY = "1,2";
			};
			name = Release;
		};
/* End XCBuildConfiguration section */

/* Begin XCConfigurationList section */
		DB06AA7F2831A9A30036C712 /* Build configuration list for PBXProject "Reddit Chile Memes" */ = {
			isa = XCConfigurationList;
			buildConfigurations = (
				DB06AA962831A9A50036C712 /* Debug */,
				DB06AA972831A9A50036C712 /* Release */,
			);
			defaultConfigurationIsVisible = 0;
			defaultConfigurationName = Release;
		};
		DB06AA982831A9A50036C712 /* Build configuration list for PBXNativeTarget "Reddit Chile Memes" */ = {
			isa = XCConfigurationList;
			buildConfigurations = (
				DB06AA992831A9A50036C712 /* Debug */,
				DB06AA9A2831A9A50036C712 /* Release */,
			);
			defaultConfigurationIsVisible = 0;
			defaultConfigurationName = Release;
		};
/* End XCConfigurationList section */
	};
	rootObject = DB06AA7C2831A9A30036C712 /* Project object */;
}
